// !$*UTF8*$!
{
	archiveVersion = 1;
	classes = {
	};
	objectVersion = 55;
	objects = {

/* Begin PBXBuildFile section */
		D390E4F328642E7B002E657C /* FilterViewProjectApp.swift in Sources */ = {isa = PBXBuildFile; fileRef = D390E4F228642E7B002E657C /* FilterViewProjectApp.swift */; };
		D390E4F528642E7B002E657C /* FilterView.swift in Sources */ = {isa = PBXBuildFile; fileRef = D390E4F428642E7B002E657C /* FilterView.swift */; };
		D390E4F728642E7B002E657C /* Assets.xcassets in Resources */ = {isa = PBXBuildFile; fileRef = D390E4F628642E7B002E657C /* Assets.xcassets */; };
		D390E4FA28642E7B002E657C /* Preview Assets.xcassets in Resources */ = {isa = PBXBuildFile; fileRef = D390E4F928642E7B002E657C /* Preview Assets.xcassets */; };
		D390E50228642EC8002E657C /* TypeFilter.swift in Sources */ = {isa = PBXBuildFile; fileRef = D390E50128642EC8002E657C /* TypeFilter.swift */; };
		D390E50428642ED9002E657C /* PriceFilter.swift in Sources */ = {isa = PBXBuildFile; fileRef = D390E50328642ED9002E657C /* PriceFilter.swift */; };
		D390E50628642EEC002E657C /* AreaFilter.swift in Sources */ = {isa = PBXBuildFile; fileRef = D390E50528642EEC002E657C /* AreaFilter.swift */; };
		D390E50828642F08002E657C /* GroundAreaFilter.swift in Sources */ = {isa = PBXBuildFile; fileRef = D390E50728642F08002E657C /* GroundAreaFilter.swift */; };
		D390E50A28642F1F002E657C /* GlobalFilter.swift in Sources */ = {isa = PBXBuildFile; fileRef = D390E50928642F1F002E657C /* GlobalFilter.swift */; };
		D390E50C28642F4A002E657C /* FilterViewModel.swift in Sources */ = {isa = PBXBuildFile; fileRef = D390E50B28642F4A002E657C /* FilterViewModel.swift */; };
		D390E50F2864477A002E657C /* PriceFilterView.swift in Sources */ = {isa = PBXBuildFile; fileRef = D390E50E2864477A002E657C /* PriceFilterView.swift */; };
		D390E5122864479A002E657C /* Resolver in Frameworks */ = {isa = PBXBuildFile; productRef = D390E5112864479A002E657C /* Resolver */; };
		D390E51528644827002E657C /* App+Injection.swift in Sources */ = {isa = PBXBuildFile; fileRef = D390E51428644827002E657C /* App+Injection.swift */; };
		D390E51728644D9B002E657C /* NumberField.swift in Sources */ = {isa = PBXBuildFile; fileRef = D390E51628644D9B002E657C /* NumberField.swift */; };
		D390E51A28644EC9002E657C /* UnderlineTextField.swift in Sources */ = {isa = PBXBuildFile; fileRef = D390E51928644EC9002E657C /* UnderlineTextField.swift */; };
		D3B1F0AE286457640082E652 /* SelectFilterButton.swift in Sources */ = {isa = PBXBuildFile; fileRef = D3B1F0AD286457640082E652 /* SelectFilterButton.swift */; };
		D3B1F0B028645A260082E652 /* FilterSelectionView.swift in Sources */ = {isa = PBXBuildFile; fileRef = D3B1F0AF28645A260082E652 /* FilterSelectionView.swift */; };
		D3B1F0B228645CC10082E652 /* FilterButton.swift in Sources */ = {isa = PBXBuildFile; fileRef = D3B1F0B128645CC10082E652 /* FilterButton.swift */; };
		D3B1F0B4286466790082E652 /* IsHiddenBinding.swift in Sources */ = {isa = PBXBuildFile; fileRef = D3B1F0B3286466790082E652 /* IsHiddenBinding.swift */; };
		D3B1F0B6286469060082E652 /* MainTabView.swift in Sources */ = {isa = PBXBuildFile; fileRef = D3B1F0B5286469060082E652 /* MainTabView.swift */; };
		D3B1F0B82864696C0082E652 /* ResultListView.swift in Sources */ = {isa = PBXBuildFile; fileRef = D3B1F0B72864696C0082E652 /* ResultListView.swift */; };
		D3ECE661286490430054117B /* CheckBoxStyle.swift in Sources */ = {isa = PBXBuildFile; fileRef = D3ECE660286490430054117B /* CheckBoxStyle.swift */; };
		D3ECE663286492C80054117B /* CheckBox.swift in Sources */ = {isa = PBXBuildFile; fileRef = D3ECE662286492C80054117B /* CheckBox.swift */; };
		D3ECE665286498940054117B /* TypeFilterView.swift in Sources */ = {isa = PBXBuildFile; fileRef = D3ECE664286498940054117B /* TypeFilterView.swift */; };
		D3ECE667286498E20054117B /* TitleText.swift in Sources */ = {isa = PBXBuildFile; fileRef = D3ECE666286498E20054117B /* TitleText.swift */; };
		D3ECE66928649CD30054117B /* TrashButton.swift in Sources */ = {isa = PBXBuildFile; fileRef = D3ECE66828649CD30054117B /* TrashButton.swift */; };
		D3ECE66B28649EED0054117B /* TypeFilterGridView.swift in Sources */ = {isa = PBXBuildFile; fileRef = D3ECE66A28649EED0054117B /* TypeFilterGridView.swift */; };
		D3ECE66E2864AB9C0054117B /* FilterItemModifier.swift in Sources */ = {isa = PBXBuildFile; fileRef = D3ECE66D2864AB9C0054117B /* FilterItemModifier.swift */; };
/* End PBXBuildFile section */

/* Begin PBXFileReference section */
		D390E4EF28642E7B002E657C /* FilterViewProject.app */ = {isa = PBXFileReference; explicitFileType = wrapper.application; includeInIndex = 0; path = FilterViewProject.app; sourceTree = BUILT_PRODUCTS_DIR; };
		D390E4F228642E7B002E657C /* FilterViewProjectApp.swift */ = {isa = PBXFileReference; lastKnownFileType = sourcecode.swift; path = FilterViewProjectApp.swift; sourceTree = "<group>"; };
		D390E4F428642E7B002E657C /* FilterView.swift */ = {isa = PBXFileReference; lastKnownFileType = sourcecode.swift; path = FilterView.swift; sourceTree = "<group>"; };
		D390E4F628642E7B002E657C /* Assets.xcassets */ = {isa = PBXFileReference; lastKnownFileType = folder.assetcatalog; path = Assets.xcassets; sourceTree = "<group>"; };
		D390E4F928642E7B002E657C /* Preview Assets.xcassets */ = {isa = PBXFileReference; lastKnownFileType = folder.assetcatalog; path = "Preview Assets.xcassets"; sourceTree = "<group>"; };
		D390E50128642EC8002E657C /* TypeFilter.swift */ = {isa = PBXFileReference; lastKnownFileType = sourcecode.swift; path = TypeFilter.swift; sourceTree = "<group>"; };
		D390E50328642ED9002E657C /* PriceFilter.swift */ = {isa = PBXFileReference; lastKnownFileType = sourcecode.swift; path = PriceFilter.swift; sourceTree = "<group>"; };
		D390E50528642EEC002E657C /* AreaFilter.swift */ = {isa = PBXFileReference; lastKnownFileType = sourcecode.swift; path = AreaFilter.swift; sourceTree = "<group>"; };
		D390E50728642F08002E657C /* GroundAreaFilter.swift */ = {isa = PBXFileReference; lastKnownFileType = sourcecode.swift; path = GroundAreaFilter.swift; sourceTree = "<group>"; };
		D390E50928642F1F002E657C /* GlobalFilter.swift */ = {isa = PBXFileReference; lastKnownFileType = sourcecode.swift; path = GlobalFilter.swift; sourceTree = "<group>"; };
		D390E50B28642F4A002E657C /* FilterViewModel.swift */ = {isa = PBXFileReference; lastKnownFileType = sourcecode.swift; path = FilterViewModel.swift; sourceTree = "<group>"; };
		D390E50E2864477A002E657C /* PriceFilterView.swift */ = {isa = PBXFileReference; lastKnownFileType = sourcecode.swift; path = PriceFilterView.swift; sourceTree = "<group>"; };
		D390E51428644827002E657C /* App+Injection.swift */ = {isa = PBXFileReference; lastKnownFileType = sourcecode.swift; path = "App+Injection.swift"; sourceTree = "<group>"; };
		D390E51628644D9B002E657C /* NumberField.swift */ = {isa = PBXFileReference; lastKnownFileType = sourcecode.swift; path = NumberField.swift; sourceTree = "<group>"; };
		D390E51928644EC9002E657C /* UnderlineTextField.swift */ = {isa = PBXFileReference; lastKnownFileType = sourcecode.swift; path = UnderlineTextField.swift; sourceTree = "<group>"; };
		D3B1F0AD286457640082E652 /* SelectFilterButton.swift */ = {isa = PBXFileReference; lastKnownFileType = sourcecode.swift; path = SelectFilterButton.swift; sourceTree = "<group>"; };
		D3B1F0AF28645A260082E652 /* FilterSelectionView.swift */ = {isa = PBXFileReference; lastKnownFileType = sourcecode.swift; path = FilterSelectionView.swift; sourceTree = "<group>"; };
		D3B1F0B128645CC10082E652 /* FilterButton.swift */ = {isa = PBXFileReference; lastKnownFileType = sourcecode.swift; path = FilterButton.swift; sourceTree = "<group>"; };
		D3B1F0B3286466790082E652 /* IsHiddenBinding.swift */ = {isa = PBXFileReference; lastKnownFileType = sourcecode.swift; path = IsHiddenBinding.swift; sourceTree = "<group>"; };
		D3B1F0B5286469060082E652 /* MainTabView.swift */ = {isa = PBXFileReference; lastKnownFileType = sourcecode.swift; path = MainTabView.swift; sourceTree = "<group>"; };
		D3B1F0B72864696C0082E652 /* ResultListView.swift */ = {isa = PBXFileReference; lastKnownFileType = sourcecode.swift; path = ResultListView.swift; sourceTree = "<group>"; };
		D3ECE660286490430054117B /* CheckBoxStyle.swift */ = {isa = PBXFileReference; lastKnownFileType = sourcecode.swift; path = CheckBoxStyle.swift; sourceTree = "<group>"; };
		D3ECE662286492C80054117B /* CheckBox.swift */ = {isa = PBXFileReference; lastKnownFileType = sourcecode.swift; path = CheckBox.swift; sourceTree = "<group>"; };
		D3ECE664286498940054117B /* TypeFilterView.swift */ = {isa = PBXFileReference; lastKnownFileType = sourcecode.swift; path = TypeFilterView.swift; sourceTree = "<group>"; };
		D3ECE666286498E20054117B /* TitleText.swift */ = {isa = PBXFileReference; lastKnownFileType = sourcecode.swift; path = TitleText.swift; sourceTree = "<group>"; };
		D3ECE66828649CD30054117B /* TrashButton.swift */ = {isa = PBXFileReference; lastKnownFileType = sourcecode.swift; path = TrashButton.swift; sourceTree = "<group>"; };
		D3ECE66A28649EED0054117B /* TypeFilterGridView.swift */ = {isa = PBXFileReference; lastKnownFileType = sourcecode.swift; path = TypeFilterGridView.swift; sourceTree = "<group>"; };
		D3ECE66D2864AB9C0054117B /* FilterItemModifier.swift */ = {isa = PBXFileReference; lastKnownFileType = sourcecode.swift; path = FilterItemModifier.swift; sourceTree = "<group>"; };
/* End PBXFileReference section */

/* Begin PBXFrameworksBuildPhase section */
		D390E4EC28642E7B002E657C /* Frameworks */ = {
			isa = PBXFrameworksBuildPhase;
			buildActionMask = 2147483647;
			files = (
				D390E5122864479A002E657C /* Resolver in Frameworks */,
			);
			runOnlyForDeploymentPostprocessing = 0;
		};
/* End PBXFrameworksBuildPhase section */

/* Begin PBXGroup section */
		D390E4E628642E7B002E657C = {
			isa = PBXGroup;
			children = (
				D390E4F128642E7B002E657C /* FilterViewProject */,
				D390E4F028642E7B002E657C /* Products */,
			);
			sourceTree = "<group>";
		};
		D390E4F028642E7B002E657C /* Products */ = {
			isa = PBXGroup;
			children = (
				D390E4EF28642E7B002E657C /* FilterViewProject.app */,
			);
			name = Products;
			sourceTree = "<group>";
		};
		D390E4F128642E7B002E657C /* FilterViewProject */ = {
			isa = PBXGroup;
			children = (
				D390E4F228642E7B002E657C /* FilterViewProjectApp.swift */,
				D390E513286447AE002E657C /* Injection */,
				D390E50028642EBB002E657C /* Models */,
				D390E50D28644751002E657C /* Components */,
				D390E51828644EAE002E657C /* Utils */,
				D3B1F0B5286469060082E652 /* MainTabView.swift */,
				D3B1F0B72864696C0082E652 /* ResultListView.swift */,
				D390E50B28642F4A002E657C /* FilterViewModel.swift */,
				D390E4F428642E7B002E657C /* FilterView.swift */,
				D3B1F0AF28645A260082E652 /* FilterSelectionView.swift */,
				D390E4F628642E7B002E657C /* Assets.xcassets */,
				D390E4F828642E7B002E657C /* Preview Content */,
			);
			path = FilterViewProject;
			sourceTree = "<group>";
		};
		D390E4F828642E7B002E657C /* Preview Content */ = {
			isa = PBXGroup;
			children = (
				D390E4F928642E7B002E657C /* Preview Assets.xcassets */,
			);
			path = "Preview Content";
			sourceTree = "<group>";
		};
		D390E50028642EBB002E657C /* Models */ = {
			isa = PBXGroup;
			children = (
				D390E50128642EC8002E657C /* TypeFilter.swift */,
				D390E50328642ED9002E657C /* PriceFilter.swift */,
				D390E50528642EEC002E657C /* AreaFilter.swift */,
				D390E50728642F08002E657C /* GroundAreaFilter.swift */,
				D390E50928642F1F002E657C /* GlobalFilter.swift */,
			);
			path = Models;
			sourceTree = "<group>";
		};
		D390E50D28644751002E657C /* Components */ = {
			isa = PBXGroup;
			children = (
				D3ECE66C2864A1B00054117B /* GridComponents */,
				D390E51628644D9B002E657C /* NumberField.swift */,
				D3B1F0AD286457640082E652 /* SelectFilterButton.swift */,
				D3B1F0B128645CC10082E652 /* FilterButton.swift */,
				D3ECE662286492C80054117B /* CheckBox.swift */,
				D3ECE666286498E20054117B /* TitleText.swift */,
				D3ECE66828649CD30054117B /* TrashButton.swift */,
				D3ECE664286498940054117B /* TypeFilterView.swift */,
				D390E50E2864477A002E657C /* PriceFilterView.swift */,
			);
			path = Components;
			sourceTree = "<group>";
		};
		D390E513286447AE002E657C /* Injection */ = {
			isa = PBXGroup;
			children = (
				D390E51428644827002E657C /* App+Injection.swift */,
			);
			path = Injection;
			sourceTree = "<group>";
		};
		D390E51828644EAE002E657C /* Utils */ = {
			isa = PBXGroup;
			children = (
				D390E51928644EC9002E657C /* UnderlineTextField.swift */,
				D3B1F0B3286466790082E652 /* IsHiddenBinding.swift */,
				D3ECE660286490430054117B /* CheckBoxStyle.swift */,
			);
			path = Utils;
			sourceTree = "<group>";
		};
		D3ECE66C2864A1B00054117B /* GridComponents */ = {
			isa = PBXGroup;
			children = (
				D3ECE66D2864AB9C0054117B /* FilterItemModifier.swift */,
				D3ECE66A28649EED0054117B /* TypeFilterGridView.swift */,
			);
			path = GridComponents;
			sourceTree = "<group>";
		};
/* End PBXGroup section */

/* Begin PBXNativeTarget section */
		D390E4EE28642E7B002E657C /* FilterViewProject */ = {
			isa = PBXNativeTarget;
			buildConfigurationList = D390E4FD28642E7B002E657C /* Build configuration list for PBXNativeTarget "FilterViewProject" */;
			buildPhases = (
				D390E4EB28642E7B002E657C /* Sources */,
				D390E4EC28642E7B002E657C /* Frameworks */,
				D390E4ED28642E7B002E657C /* Resources */,
			);
			buildRules = (
			);
			dependencies = (
			);
			name = FilterViewProject;
			packageProductDependencies = (
				D390E5112864479A002E657C /* Resolver */,
			);
			productName = FilterViewProject;
			productReference = D390E4EF28642E7B002E657C /* FilterViewProject.app */;
			productType = "com.apple.product-type.application";
		};
/* End PBXNativeTarget section */

/* Begin PBXProject section */
		D390E4E728642E7B002E657C /* Project object */ = {
			isa = PBXProject;
			attributes = {
				BuildIndependentTargetsInParallel = 1;
				LastSwiftUpdateCheck = 1340;
				LastUpgradeCheck = 1340;
				TargetAttributes = {
					D390E4EE28642E7B002E657C = {
						CreatedOnToolsVersion = 13.4.1;
					};
				};
			};
			buildConfigurationList = D390E4EA28642E7B002E657C /* Build configuration list for PBXProject "FilterViewProject" */;
			compatibilityVersion = "Xcode 13.0";
			developmentRegion = en;
			hasScannedForEncodings = 0;
			knownRegions = (
				en,
				Base,
			);
			mainGroup = D390E4E628642E7B002E657C;
			packageReferences = (
				D390E5102864479A002E657C /* XCRemoteSwiftPackageReference "Resolver" */,
			);
			productRefGroup = D390E4F028642E7B002E657C /* Products */;
			projectDirPath = "";
			projectRoot = "";
			targets = (
				D390E4EE28642E7B002E657C /* FilterViewProject */,
			);
		};
/* End PBXProject section */

/* Begin PBXResourcesBuildPhase section */
		D390E4ED28642E7B002E657C /* Resources */ = {
			isa = PBXResourcesBuildPhase;
			buildActionMask = 2147483647;
			files = (
				D390E4FA28642E7B002E657C /* Preview Assets.xcassets in Resources */,
				D390E4F728642E7B002E657C /* Assets.xcassets in Resources */,
			);
			runOnlyForDeploymentPostprocessing = 0;
		};
/* End PBXResourcesBuildPhase section */

/* Begin PBXSourcesBuildPhase section */
		D390E4EB28642E7B002E657C /* Sources */ = {
			isa = PBXSourcesBuildPhase;
			buildActionMask = 2147483647;
			files = (
				D390E4F528642E7B002E657C /* FilterView.swift in Sources */,
				D3B1F0B028645A260082E652 /* FilterSelectionView.swift in Sources */,
				D390E51528644827002E657C /* App+Injection.swift in Sources */,
				D3B1F0B4286466790082E652 /* IsHiddenBinding.swift in Sources */,
				D3ECE663286492C80054117B /* CheckBox.swift in Sources */,
				D390E51A28644EC9002E657C /* UnderlineTextField.swift in Sources */,
				D390E51728644D9B002E657C /* NumberField.swift in Sources */,
				D3B1F0AE286457640082E652 /* SelectFilterButton.swift in Sources */,
				D3ECE66928649CD30054117B /* TrashButton.swift in Sources */,
				D390E50628642EEC002E657C /* AreaFilter.swift in Sources */,
				D3B1F0B228645CC10082E652 /* FilterButton.swift in Sources */,
				D3ECE661286490430054117B /* CheckBoxStyle.swift in Sources */,
				D3ECE66E2864AB9C0054117B /* FilterItemModifier.swift in Sources */,
				D3B1F0B6286469060082E652 /* MainTabView.swift in Sources */,
				D390E50C28642F4A002E657C /* FilterViewModel.swift in Sources */,
				D390E50428642ED9002E657C /* PriceFilter.swift in Sources */,
				D390E50828642F08002E657C /* GroundAreaFilter.swift in Sources */,
				D3ECE667286498E20054117B /* TitleText.swift in Sources */,
				D3B1F0B82864696C0082E652 /* ResultListView.swift in Sources */,
				D390E50F2864477A002E657C /* PriceFilterView.swift in Sources */,
				D390E4F328642E7B002E657C /* FilterViewProjectApp.swift in Sources */,
				D390E50A28642F1F002E657C /* GlobalFilter.swift in Sources */,
				D390E50228642EC8002E657C /* TypeFilter.swift in Sources */,
				D3ECE66B28649EED0054117B /* TypeFilterGridView.swift in Sources */,
				D3ECE665286498940054117B /* TypeFilterView.swift in Sources */,
			);
			runOnlyForDeploymentPostprocessing = 0;
		};
/* End PBXSourcesBuildPhase section */

/* Begin XCBuildConfiguration section */
		D390E4FB28642E7B002E657C /* Debug */ = {
			isa = XCBuildConfiguration;
			buildSettings = {
				ALWAYS_SEARCH_USER_PATHS = NO;
				CLANG_ANALYZER_NONNULL = YES;
				CLANG_ANALYZER_NUMBER_OBJECT_CONVERSION = YES_AGGRESSIVE;
				CLANG_CXX_LANGUAGE_STANDARD = "gnu++17";
				CLANG_ENABLE_MODULES = YES;
				CLANG_ENABLE_OBJC_ARC = YES;
				CLANG_ENABLE_OBJC_WEAK = YES;
				CLANG_WARN_BLOCK_CAPTURE_AUTORELEASING = YES;
				CLANG_WARN_BOOL_CONVERSION = YES;
				CLANG_WARN_COMMA = YES;
				CLANG_WARN_CONSTANT_CONVERSION = YES;
				CLANG_WARN_DEPRECATED_OBJC_IMPLEMENTATIONS = YES;
				CLANG_WARN_DIRECT_OBJC_ISA_USAGE = YES_ERROR;
				CLANG_WARN_DOCUMENTATION_COMMENTS = YES;
				CLANG_WARN_EMPTY_BODY = YES;
				CLANG_WARN_ENUM_CONVERSION = YES;
				CLANG_WARN_INFINITE_RECURSION = YES;
				CLANG_WARN_INT_CONVERSION = YES;
				CLANG_WARN_NON_LITERAL_NULL_CONVERSION = YES;
				CLANG_WARN_OBJC_IMPLICIT_RETAIN_SELF = YES;
				CLANG_WARN_OBJC_LITERAL_CONVERSION = YES;
				CLANG_WARN_OBJC_ROOT_CLASS = YES_ERROR;
				CLANG_WARN_QUOTED_INCLUDE_IN_FRAMEWORK_HEADER = YES;
				CLANG_WARN_RANGE_LOOP_ANALYSIS = YES;
				CLANG_WARN_STRICT_PROTOTYPES = YES;
				CLANG_WARN_SUSPICIOUS_MOVE = YES;
				CLANG_WARN_UNGUARDED_AVAILABILITY = YES_AGGRESSIVE;
				CLANG_WARN_UNREACHABLE_CODE = YES;
				CLANG_WARN__DUPLICATE_METHOD_MATCH = YES;
				COPY_PHASE_STRIP = NO;
				DEBUG_INFORMATION_FORMAT = dwarf;
				ENABLE_STRICT_OBJC_MSGSEND = YES;
				ENABLE_TESTABILITY = YES;
				GCC_C_LANGUAGE_STANDARD = gnu11;
				GCC_DYNAMIC_NO_PIC = NO;
				GCC_NO_COMMON_BLOCKS = YES;
				GCC_OPTIMIZATION_LEVEL = 0;
				GCC_PREPROCESSOR_DEFINITIONS = (
					"DEBUG=1",
					"$(inherited)",
				);
				GCC_WARN_64_TO_32_BIT_CONVERSION = YES;
				GCC_WARN_ABOUT_RETURN_TYPE = YES_ERROR;
				GCC_WARN_UNDECLARED_SELECTOR = YES;
				GCC_WARN_UNINITIALIZED_AUTOS = YES_AGGRESSIVE;
				GCC_WARN_UNUSED_FUNCTION = YES;
				GCC_WARN_UNUSED_VARIABLE = YES;
				IPHONEOS_DEPLOYMENT_TARGET = 15.5;
				MTL_ENABLE_DEBUG_INFO = INCLUDE_SOURCE;
				MTL_FAST_MATH = YES;
				ONLY_ACTIVE_ARCH = YES;
				SDKROOT = iphoneos;
				SWIFT_ACTIVE_COMPILATION_CONDITIONS = DEBUG;
				SWIFT_OPTIMIZATION_LEVEL = "-Onone";
			};
			name = Debug;
		};
		D390E4FC28642E7B002E657C /* Release */ = {
			isa = XCBuildConfiguration;
			buildSettings = {
				ALWAYS_SEARCH_USER_PATHS = NO;
				CLANG_ANALYZER_NONNULL = YES;
				CLANG_ANALYZER_NUMBER_OBJECT_CONVERSION = YES_AGGRESSIVE;
				CLANG_CXX_LANGUAGE_STANDARD = "gnu++17";
				CLANG_ENABLE_MODULES = YES;
				CLANG_ENABLE_OBJC_ARC = YES;
				CLANG_ENABLE_OBJC_WEAK = YES;
				CLANG_WARN_BLOCK_CAPTURE_AUTORELEASING = YES;
				CLANG_WARN_BOOL_CONVERSION = YES;
				CLANG_WARN_COMMA = YES;
				CLANG_WARN_CONSTANT_CONVERSION = YES;
				CLANG_WARN_DEPRECATED_OBJC_IMPLEMENTATIONS = YES;
				CLANG_WARN_DIRECT_OBJC_ISA_USAGE = YES_ERROR;
				CLANG_WARN_DOCUMENTATION_COMMENTS = YES;
				CLANG_WARN_EMPTY_BODY = YES;
				CLANG_WARN_ENUM_CONVERSION = YES;
				CLANG_WARN_INFINITE_RECURSION = YES;
				CLANG_WARN_INT_CONVERSION = YES;
				CLANG_WARN_NON_LITERAL_NULL_CONVERSION = YES;
				CLANG_WARN_OBJC_IMPLICIT_RETAIN_SELF = YES;
				CLANG_WARN_OBJC_LITERAL_CONVERSION = YES;
				CLANG_WARN_OBJC_ROOT_CLASS = YES_ERROR;
				CLANG_WARN_QUOTED_INCLUDE_IN_FRAMEWORK_HEADER = YES;
				CLANG_WARN_RANGE_LOOP_ANALYSIS = YES;
				CLANG_WARN_STRICT_PROTOTYPES = YES;
				CLANG_WARN_SUSPICIOUS_MOVE = YES;
				CLANG_WARN_UNGUARDED_AVAILABILITY = YES_AGGRESSIVE;
				CLANG_WARN_UNREACHABLE_CODE = YES;
				CLANG_WARN__DUPLICATE_METHOD_MATCH = YES;
				COPY_PHASE_STRIP = NO;
				DEBUG_INFORMATION_FORMAT = "dwarf-with-dsym";
				ENABLE_NS_ASSERTIONS = NO;
				ENABLE_STRICT_OBJC_MSGSEND = YES;
				GCC_C_LANGUAGE_STANDARD = gnu11;
				GCC_NO_COMMON_BLOCKS = YES;
				GCC_WARN_64_TO_32_BIT_CONVERSION = YES;
				GCC_WARN_ABOUT_RETURN_TYPE = YES_ERROR;
				GCC_WARN_UNDECLARED_SELECTOR = YES;
				GCC_WARN_UNINITIALIZED_AUTOS = YES_AGGRESSIVE;
				GCC_WARN_UNUSED_FUNCTION = YES;
				GCC_WARN_UNUSED_VARIABLE = YES;
				IPHONEOS_DEPLOYMENT_TARGET = 15.5;
				MTL_ENABLE_DEBUG_INFO = NO;
				MTL_FAST_MATH = YES;
				SDKROOT = iphoneos;
				SWIFT_COMPILATION_MODE = wholemodule;
				SWIFT_OPTIMIZATION_LEVEL = "-O";
				VALIDATE_PRODUCT = YES;
			};
			name = Release;
		};
		D390E4FE28642E7B002E657C /* Debug */ = {
			isa = XCBuildConfiguration;
			buildSettings = {
				ASSETCATALOG_COMPILER_APPICON_NAME = AppIcon;
				ASSETCATALOG_COMPILER_GLOBAL_ACCENT_COLOR_NAME = AccentColor;
				CODE_SIGN_STYLE = Automatic;
				CURRENT_PROJECT_VERSION = 1;
				DEVELOPMENT_ASSET_PATHS = "\"FilterViewProject/Preview Content\"";
				DEVELOPMENT_TEAM = T2C24KCSV2;
				ENABLE_PREVIEWS = YES;
				GENERATE_INFOPLIST_FILE = YES;
				INFOPLIST_KEY_UIApplicationSceneManifest_Generation = YES;
				INFOPLIST_KEY_UIApplicationSupportsIndirectInputEvents = YES;
				INFOPLIST_KEY_UILaunchScreen_Generation = YES;
				INFOPLIST_KEY_UISupportedInterfaceOrientations_iPad = "UIInterfaceOrientationPortrait UIInterfaceOrientationPortraitUpsideDown UIInterfaceOrientationLandscapeLeft UIInterfaceOrientationLandscapeRight";
				INFOPLIST_KEY_UISupportedInterfaceOrientations_iPhone = "UIInterfaceOrientationPortrait UIInterfaceOrientationLandscapeLeft UIInterfaceOrientationLandscapeRight";
				IPHONEOS_DEPLOYMENT_TARGET = 16.0;
				LD_RUNPATH_SEARCH_PATHS = (
					"$(inherited)",
					"@executable_path/Frameworks",
				);
				MARKETING_VERSION = 1.0;
				PRODUCT_BUNDLE_IDENTIFIER = DimitriPocheron.FilterViewProject;
				PRODUCT_NAME = "$(TARGET_NAME)";
				SWIFT_EMIT_LOC_STRINGS = YES;
				SWIFT_VERSION = 5.0;
				TARGETED_DEVICE_FAMILY = "1,2";
			};
			name = Debug;
		};
		D390E4FF28642E7B002E657C /* Release */ = {
			isa = XCBuildConfiguration;
			buildSettings = {
				ASSETCATALOG_COMPILER_APPICON_NAME = AppIcon;
				ASSETCATALOG_COMPILER_GLOBAL_ACCENT_COLOR_NAME = AccentColor;
				CODE_SIGN_STYLE = Automatic;
				CURRENT_PROJECT_VERSION = 1;
				DEVELOPMENT_ASSET_PATHS = "\"FilterViewProject/Preview Content\"";
				DEVELOPMENT_TEAM = T2C24KCSV2;
				ENABLE_PREVIEWS = YES;
				GENERATE_INFOPLIST_FILE = YES;
				INFOPLIST_KEY_UIApplicationSceneManifest_Generation = YES;
				INFOPLIST_KEY_UIApplicationSupportsIndirectInputEvents = YES;
				INFOPLIST_KEY_UILaunchScreen_Generation = YES;
				INFOPLIST_KEY_UISupportedInterfaceOrientations_iPad = "UIInterfaceOrientationPortrait UIInterfaceOrientationPortraitUpsideDown UIInterfaceOrientationLandscapeLeft UIInterfaceOrientationLandscapeRight";
				INFOPLIST_KEY_UISupportedInterfaceOrientations_iPhone = "UIInterfaceOrientationPortrait UIInterfaceOrientationLandscapeLeft UIInterfaceOrientationLandscapeRight";
				IPHONEOS_DEPLOYMENT_TARGET = 16.0;
				LD_RUNPATH_SEARCH_PATHS = (
					"$(inherited)",
					"@executable_path/Frameworks",
				);
				MARKETING_VERSION = 1.0;
				PRODUCT_BUNDLE_IDENTIFIER = DimitriPocheron.FilterViewProject;
				PRODUCT_NAME = "$(TARGET_NAME)";
				SWIFT_EMIT_LOC_STRINGS = YES;
				SWIFT_VERSION = 5.0;
				TARGETED_DEVICE_FAMILY = "1,2";
			};
			name = Release;
		};
/* End XCBuildConfiguration section */

/* Begin XCConfigurationList section */
		D390E4EA28642E7B002E657C /* Build configuration list for PBXProject "FilterViewProject" */ = {
			isa = XCConfigurationList;
			buildConfigurations = (
				D390E4FB28642E7B002E657C /* Debug */,
				D390E4FC28642E7B002E657C /* Release */,
			);
			defaultConfigurationIsVisible = 0;
			defaultConfigurationName = Release;
		};
		D390E4FD28642E7B002E657C /* Build configuration list for PBXNativeTarget "FilterViewProject" */ = {
			isa = XCConfigurationList;
			buildConfigurations = (
				D390E4FE28642E7B002E657C /* Debug */,
				D390E4FF28642E7B002E657C /* Release */,
			);
			defaultConfigurationIsVisible = 0;
			defaultConfigurationName = Release;
		};
/* End XCConfigurationList section */

/* Begin XCRemoteSwiftPackageReference section */
		D390E5102864479A002E657C /* XCRemoteSwiftPackageReference "Resolver" */ = {
			isa = XCRemoteSwiftPackageReference;
			repositoryURL = "https://github.com/hmlongco/Resolver";
			requirement = {
				kind = upToNextMajorVersion;
				minimumVersion = 1.0.0;
			};
		};
/* End XCRemoteSwiftPackageReference section */

/* Begin XCSwiftPackageProductDependency section */
		D390E5112864479A002E657C /* Resolver */ = {
			isa = XCSwiftPackageProductDependency;
			package = D390E5102864479A002E657C /* XCRemoteSwiftPackageReference "Resolver" */;
			productName = Resolver;
		};
/* End XCSwiftPackageProductDependency section */
	};
	rootObject = D390E4E728642E7B002E657C /* Project object */;
}
